# This file is generated by running "yarn install" inside your project.
# Manual changes might be lost - proceed with caution!

__metadata:
  version: 8
  cacheKey: 10c0

"@cspotcode/source-map-support@npm:^0.8.0":
  version: 0.8.1
  resolution: "@cspotcode/source-map-support@npm:0.8.1"
  dependencies:
    "@jridgewell/trace-mapping": "npm:0.3.9"
  checksum: 10c0/05c5368c13b662ee4c122c7bfbe5dc0b613416672a829f3e78bc49a357a197e0218d6e74e7c66cfcd04e15a179acab080bd3c69658c9fbefd0e1ccd950a07fc6
  languageName: node
  linkType: hard

"@jridgewell/resolve-uri@npm:^3.0.3":
  version: 3.1.1
  resolution: "@jridgewell/resolve-uri@npm:3.1.1"
  checksum: 10c0/0dbc9e29bc640bbbdc5b9876d2859c69042bfcf1423c1e6421bcca53e826660bff4e41c7d4bcb8dbea696404231a6f902f76ba41835d049e20f2dd6cffb713bf
  languageName: node
  linkType: hard

"@jridgewell/sourcemap-codec@npm:^1.4.10":
  version: 1.4.15
  resolution: "@jridgewell/sourcemap-codec@npm:1.4.15"
  checksum: 10c0/0c6b5ae663087558039052a626d2d7ed5208da36cfd707dcc5cea4a07cfc918248403dcb5989a8f7afaf245ce0573b7cc6fd94c4a30453bd10e44d9363940ba5
  languageName: node
  linkType: hard

"@jridgewell/trace-mapping@npm:0.3.9":
  version: 0.3.9
  resolution: "@jridgewell/trace-mapping@npm:0.3.9"
  dependencies:
    "@jridgewell/resolve-uri": "npm:^3.0.3"
    "@jridgewell/sourcemap-codec": "npm:^1.4.10"
  checksum: 10c0/fa425b606d7c7ee5bfa6a31a7b050dd5814b4082f318e0e4190f991902181b4330f43f4805db1dd4f2433fd0ed9cc7a7b9c2683f1deeab1df1b0a98b1e24055b
  languageName: node
  linkType: hard

"@pdf-lib/standard-fonts@npm:^1.0.0":
  version: 1.0.0
  resolution: "@pdf-lib/standard-fonts@npm:1.0.0"
  dependencies:
    pako: "npm:^1.0.6"
  checksum: 10c0/c683adfb764cd235a8370a0c1d5a8d7e90e3499ad33cdecfb92e4d48b0d36cfd038e3a875ebd0937a5646ee1578d793ab98f9c374be360c9a05d2699c1caedf4
  languageName: node
  linkType: hard

"@pdf-lib/upng@npm:^1.0.1":
  version: 1.0.1
  resolution: "@pdf-lib/upng@npm:1.0.1"
  dependencies:
    pako: "npm:^1.0.10"
  checksum: 10c0/9c300c513c1089e561c0cccac01f396a24efb9b0e9c922a39248cb09dfced70c05b9facdfce11a7f22cbedb4129593630a18111b90a57ef34ea4c3df98f2ac1d
  languageName: node
  linkType: hard

"@tsconfig/node10@npm:^1.0.7":
  version: 1.0.9
  resolution: "@tsconfig/node10@npm:1.0.9"
  checksum: 10c0/c176a2c1e1b16be120c328300ea910df15fb9a5277010116d26818272341a11483c5a80059389d04edacf6fd2d03d4687ad3660870fdd1cc0b7109e160adb220
  languageName: node
  linkType: hard

"@tsconfig/node12@npm:^1.0.7":
  version: 1.0.11
  resolution: "@tsconfig/node12@npm:1.0.11"
  checksum: 10c0/dddca2b553e2bee1308a056705103fc8304e42bb2d2cbd797b84403a223b25c78f2c683ec3e24a095e82cd435387c877239bffcb15a590ba817cd3f6b9a99fd9
  languageName: node
  linkType: hard

"@tsconfig/node14@npm:^1.0.0":
  version: 1.0.3
  resolution: "@tsconfig/node14@npm:1.0.3"
  checksum: 10c0/67c1316d065fdaa32525bc9449ff82c197c4c19092b9663b23213c8cbbf8d88b6ed6a17898e0cbc2711950fbfaf40388938c1c748a2ee89f7234fc9e7fe2bf44
  languageName: node
  linkType: hard

"@tsconfig/node16@npm:^1.0.2":
  version: 1.0.4
  resolution: "@tsconfig/node16@npm:1.0.4"
  checksum: 10c0/05f8f2734e266fb1839eb1d57290df1664fe2aa3b0fdd685a9035806daa635f7519bf6d5d9b33f6e69dd545b8c46bd6e2b5c79acb2b1f146e885f7f11a42a5bb
  languageName: node
  linkType: hard

"@types/adm-zip@npm:^0.4.34":
  version: 0.4.34
  resolution: "@types/adm-zip@npm:0.4.34"
  dependencies:
    "@types/node": "npm:*"
  checksum: 10c0/9770e397a2536391cc2d8a4ba6658e37bd7dd37d23b681f52e352d084f8a985700fce196f524511065fe936c56f6216d5146eaeb1d76db2ca822ac69f4b070af
  languageName: node
  linkType: hard

"@types/dom-parser@npm:^0.1.1":
  version: 0.1.4
  resolution: "@types/dom-parser@npm:0.1.4"
  checksum: 10c0/5caa314c490cd9cd7ba97848e719602e0f69640b0b8c826e7ff7cdd10233fc0426e2ff4e56d9950bc56b73a95a783fcdb354b4ff8bdb5269e7c10bc142709e5f
  languageName: node
  linkType: hard

"@types/glob@npm:*":
  version: 8.1.0
  resolution: "@types/glob@npm:8.1.0"
  dependencies:
    "@types/minimatch": "npm:^5.1.2"
    "@types/node": "npm:*"
  checksum: 10c0/ded07aa0d7a1caf3c47b85e262be82989ccd7933b4a14712b79c82fd45a239249811d9fc3a135b3e9457afa163e74a297033d7245b0dc63cd3d032f3906b053f
  languageName: node
  linkType: hard

"@types/minimatch@npm:^5.1.2":
  version: 5.1.2
  resolution: "@types/minimatch@npm:5.1.2"
  checksum: 10c0/83cf1c11748891b714e129de0585af4c55dd4c2cafb1f1d5233d79246e5e1e19d1b5ad9e8db449667b3ffa2b6c80125c429dbee1054e9efb45758dbc4e118562
  languageName: node
  linkType: hard

"@types/ncp@npm:^2.0.5":
  version: 2.0.8
  resolution: "@types/ncp@npm:2.0.8"
  dependencies:
    "@types/node": "npm:*"
  checksum: 10c0/c488159404263d2a7d0d560eb8f3102ddd47de46587144d2f48bff9b856bec24a89c6fd7d1061052f1d17223534de3b391616dc92ff0e99615654e31e4164f87
  languageName: node
  linkType: hard

"@types/node@npm:*":
  version: 20.11.16
  resolution: "@types/node@npm:20.11.16"
  dependencies:
    undici-types: "npm:~5.26.4"
  checksum: 10c0/4886b90278e9c877a84efd3edd4667cd990e032d77268d2a798b99ebc1901ea336fa7dfbe9eaf4ad6ad1da9ce2ec31baf300038a3905838692362eb19904ebde
  languageName: node
  linkType: hard

"@types/node@npm:^17.0.17":
  version: 17.0.45
  resolution: "@types/node@npm:17.0.45"
  checksum: 10c0/0db377133d709b33a47892581a21a41cd7958f22723a3cc6c71d55ac018121382de42fbfc7970d5ae3e7819dbe5f40e1c6a5174aedf7e7964e9cb8fa72b580b0
  languageName: node
  linkType: hard

"@types/rimraf@npm:^2.0.3":
  version: 2.0.5
  resolution: "@types/rimraf@npm:2.0.5"
  dependencies:
    "@types/glob": "npm:*"
    "@types/node": "npm:*"
  checksum: 10c0/f1b11100374be4a554fc9bf7c8bd33aef0dc0481007bc55b83451bb2dbe30626be82e3cf16612ba7e4c96ce3982d8bab07cd0e951b9c98d2518d981cf6f2e4b2
  languageName: node
  linkType: hard

"@types/rimraf@npm:^3.0.2":
  version: 3.0.2
  resolution: "@types/rimraf@npm:3.0.2"
  dependencies:
    "@types/glob": "npm:*"
    "@types/node": "npm:*"
  checksum: 10c0/08beaf5d5ac6d6ecb76df74e3f873453feab079b5993f7cdd00bf2789bc2dea6917d5d24e75a5346fe201f396fa8a6eccb1291f97695997e34733f9663228a86
  languageName: node
  linkType: hard

"@types/rmfr@npm:^2.0.1":
  version: 2.0.5
  resolution: "@types/rmfr@npm:2.0.5"
  dependencies:
    "@types/rimraf": "npm:^2.0.3"
  checksum: 10c0/9354331fcac530948e44aa19832c25c9ae30815c9987e961b2d241532af239539705544fbeb90f5680410142c668fb0a7d22e6e6008409cf9686ce010411eec4
  languageName: node
  linkType: hard

"@types/string-similarity@npm:^4.0.0":
  version: 4.0.2
  resolution: "@types/string-similarity@npm:4.0.2"
  checksum: 10c0/2286b221b0f4bb732b94df4295083e1be75f303c4604132a067da2f18485dba6d0fe6a252595ce893327c22c0bb8a046cd63050bd0adceeadd486646d1e05d9c
  languageName: node
  linkType: hard

"acorn-walk@npm:^8.1.1":
  version: 8.3.2
  resolution: "acorn-walk@npm:8.3.2"
  checksum: 10c0/7e2a8dad5480df7f872569b9dccff2f3da7e65f5353686b1d6032ab9f4ddf6e3a2cb83a9b52cf50b1497fd522154dda92f0abf7153290cc79cd14721ff121e52
  languageName: node
  linkType: hard

"acorn@npm:^8.4.1":
  version: 8.11.3
  resolution: "acorn@npm:8.11.3"
  bin:
    acorn: bin/acorn
  checksum: 10c0/3ff155f8812e4a746fee8ecff1f227d527c4c45655bb1fad6347c3cb58e46190598217551b1500f18542d2bbe5c87120cb6927f5a074a59166fbdd9468f0a299
  languageName: node
  linkType: hard

"adler-32@npm:~1.3.0":
  version: 1.3.1
  resolution: "adler-32@npm:1.3.1"
  checksum: 10c0/c1b7185526ee1bbe0eac8ed414d5226af4cd02a0540449a72ec1a75f198c5e93352ba4d7b9327231eea31fd83c2d080d13baf16d8ed5710fb183677beb85f612
  languageName: node
  linkType: hard

"adm-zip@npm:^0.5.9":
  version: 0.5.10
  resolution: "adm-zip@npm:0.5.10"
  checksum: 10c0/1f391a4e02940688b6ca6d4b3ea96cc82a9dbe1596671d7dbc052f9a53ed2efa6ba9ba253f032ea16e70081f22d6ddd1af2d65d6be700853cdee9c2fc925c20e
  languageName: node
  linkType: hard

"append-type@npm:^1.0.1":
  version: 1.0.2
  resolution: "append-type@npm:1.0.2"
  checksum: 10c0/0f5f1b7157fe0a2c85d5e799f0615e64d8cd95d164c6ed99feb2a6d0abc3d9b9ff8dee2d2f8896cc4ca8fce6fc771f771e85957b500e2c541f11b16e68c6aab2
  languageName: node
  linkType: hard

"arg@npm:^4.1.0":
  version: 4.1.3
  resolution: "arg@npm:4.1.3"
  checksum: 10c0/070ff801a9d236a6caa647507bdcc7034530604844d64408149a26b9e87c2f97650055c0f049abd1efc024b334635c01f29e0b632b371ac3f26130f4cf65997a
  languageName: node
  linkType: hard

"array-to-sentence@npm:^1.1.0":
  version: 1.1.0
  resolution: "array-to-sentence@npm:1.1.0"
  checksum: 10c0/815cf8cb077d091ff7258922e87ed6140de605431958436e762016bf84e631ff65fe0b7c923fbd013d958db4bd921822c183b2d627a53218b8b3e8b9f7daac6c
  languageName: node
  linkType: hard

"assert-valid-glob-opts@npm:^1.0.0":
  version: 1.0.0
  resolution: "assert-valid-glob-opts@npm:1.0.0"
  dependencies:
    glob-option-error: "npm:^1.0.0"
    validate-glob-opts: "npm:^1.0.0"
  checksum: 10c0/652e63ff52a73568d99aa93142f08af1a1469aa82540d4f7b74196b8388f750bc4dc3ad0f038351124dab91048aa8319f257aa4a8ad21be97aca3658af388bb1
  languageName: node
  linkType: hard

"balanced-match@npm:^1.0.0":
  version: 1.0.2
  resolution: "balanced-match@npm:1.0.2"
  checksum: 10c0/9308baf0a7e4838a82bbfd11e01b1cb0f0cf2893bc1676c27c2a8c0e70cbae1c59120c3268517a8ae7fb6376b4639ef81ca22582611dbee4ed28df945134aaee
  languageName: node
  linkType: hard

"brace-expansion@npm:^1.1.7":
  version: 1.1.11
  resolution: "brace-expansion@npm:1.1.11"
  dependencies:
    balanced-match: "npm:^1.0.0"
    concat-map: "npm:0.0.1"
  checksum: 10c0/695a56cd058096a7cb71fb09d9d6a7070113c7be516699ed361317aca2ec169f618e28b8af352e02ab4233fb54eb0168460a40dc320bab0034b36ab59aaad668
  languageName: node
  linkType: hard

"cfb@npm:~1.2.1":
  version: 1.2.2
  resolution: "cfb@npm:1.2.2"
  dependencies:
    adler-32: "npm:~1.3.0"
    crc-32: "npm:~1.2.0"
  checksum: 10c0/87f6d9c3878268896ed6ca29dfe32a2aa078b12d0f21d8405c95911b74ab6296823d7312bbf5e18326d00b16cc697f587e07a17018c5edf7a1ba31dd5bc6da36
  languageName: node
  linkType: hard

"codepage@npm:~1.15.0":
  version: 1.15.0
  resolution: "codepage@npm:1.15.0"
  checksum: 10c0/2455b482302cb784b46dea60a8ee83f0c23e794bdd979556bdb107abe681bba722af62a37f5c955ff4efd68fdb9688c3986e719b4fd536c0e06bb25bc82abea3
  languageName: node
  linkType: hard

"concat-map@npm:0.0.1":
  version: 0.0.1
  resolution: "concat-map@npm:0.0.1"
  checksum: 10c0/c996b1cfdf95b6c90fee4dae37e332c8b6eb7d106430c17d538034c0ad9a1630cb194d2ab37293b1bdd4d779494beee7786d586a50bd9376fd6f7bcc2bd4c98f
  languageName: node
  linkType: hard

"crc-32@npm:~1.2.0, crc-32@npm:~1.2.1":
  version: 1.2.2
  resolution: "crc-32@npm:1.2.2"
  bin:
    crc32: bin/crc32.njs
  checksum: 10c0/11dcf4a2e77ee793835d49f2c028838eae58b44f50d1ff08394a610bfd817523f105d6ae4d9b5bef0aad45510f633eb23c903e9902e4409bed1ce70cb82b9bf0
  languageName: node
  linkType: hard

"create-require@npm:^1.1.0":
  version: 1.1.1
  resolution: "create-require@npm:1.1.1"
  checksum: 10c0/157cbc59b2430ae9a90034a5f3a1b398b6738bf510f713edc4d4e45e169bc514d3d99dd34d8d01ca7ae7830b5b8b537e46ae8f3c8f932371b0875c0151d7ec91
  languageName: node
  linkType: hard

"diff@npm:^4.0.1":
  version: 4.0.2
  resolution: "diff@npm:4.0.2"
  checksum: 10c0/81b91f9d39c4eaca068eb0c1eb0e4afbdc5bb2941d197f513dd596b820b956fef43485876226d65d497bebc15666aa2aa82c679e84f65d5f2bfbf14ee46e32c1
  languageName: node
  linkType: hard

"dom-parser@npm:^0.1.6":
  version: 0.1.6
  resolution: "dom-parser@npm:0.1.6"
  checksum: 10c0/331d9b26aa6a419de6da13a6996bc042acc4cd023ad553188d2724277110216473959d8f3425e90fc2c66c5501a460eeb9410577fe9e2e25ed7fd51e0debc655
  languageName: node
  linkType: hard

"fast-xml-parser@npm:4.1.2":
  version: 4.1.2
  resolution: "fast-xml-parser@npm:4.1.2"
  dependencies:
    strnum: "npm:^1.0.5"
  bin:
    fxparser: src/cli/cli.js
  checksum: 10c0/fdc599b28d6ff64ee3727209387cfbcfaa2c696bc8dca5e218876a6098b8df52c56fa899cc33b3ffc5ffa36de2ebbb308fe6794930b217e80dd5985fcab432bd
  languageName: node
  linkType: hard

"frac@npm:~1.1.2":
  version: 1.1.2
  resolution: "frac@npm:1.1.2"
  checksum: 10c0/640740eb58b590eb38c78c676955bee91cd22d854f5876241a15c49d4495fa53a84898779dcf7eca30aabfe1c1a4a705752b5f224934257c5dda55c545413ba7
  languageName: node
  linkType: hard

"fs.realpath@npm:^1.0.0":
  version: 1.0.0
  resolution: "fs.realpath@npm:1.0.0"
  checksum: 10c0/444cf1291d997165dfd4c0d58b69f0e4782bfd9149fd72faa4fe299e68e0e93d6db941660b37dd29153bf7186672ececa3b50b7e7249477b03fdf850f287c948
  languageName: node
  linkType: hard

"glob-option-error@npm:^1.0.0":
  version: 1.0.0
  resolution: "glob-option-error@npm:1.0.0"
  checksum: 10c0/c260cdc6ef1ffef00886cdc9178570f6a0e0c64244cbbdcdcb7ce4c64e1301ba8f5be4d3daed9346321c2dda2c15cf56767c92c0243414618ad7029a9231eeb7
  languageName: node
  linkType: hard

"glob@npm:^7.1.2, glob@npm:^7.1.3":
  version: 7.2.3
  resolution: "glob@npm:7.2.3"
  dependencies:
    fs.realpath: "npm:^1.0.0"
    inflight: "npm:^1.0.4"
    inherits: "npm:2"
    minimatch: "npm:^3.1.1"
    once: "npm:^1.3.0"
    path-is-absolute: "npm:^1.0.0"
  checksum: 10c0/65676153e2b0c9095100fe7f25a778bf45608eeb32c6048cf307f579649bcc30353277b3b898a3792602c65764e5baa4f643714dfbdfd64ea271d210c7a425fe
  languageName: node
  linkType: hard

"graceful-fs@npm:^4.1.11":
  version: 4.2.11
  resolution: "graceful-fs@npm:4.2.11"
  checksum: 10c0/386d011a553e02bc594ac2ca0bd6d9e4c22d7fa8cfbfc448a6d148c59ea881b092db9dbe3547ae4b88e55f1b01f7c4a2ecc53b310c042793e63aa44cf6c257f2
  languageName: node
  linkType: hard

"html-entities@npm:^2.3.2":
  version: 2.4.0
  resolution: "html-entities@npm:2.4.0"
  checksum: 10c0/42bbd5d91f451625d7e35aaed41c8cd110054c0d0970764cb58df467b3f27f20199e8cf7b4aebc8d4eeaf17a27c0d1fb165f2852db85de200995d0f009c9011d
  languageName: node
  linkType: hard

"indesign-translate@workspace:.":
  version: 0.0.0-use.local
  resolution: "indesign-translate@workspace:."
  dependencies:
    "@types/adm-zip": "npm:^0.4.34"
    "@types/dom-parser": "npm:^0.1.1"
    "@types/ncp": "npm:^2.0.5"
    "@types/node": "npm:^17.0.17"
    "@types/rimraf": "npm:^3.0.2"
    "@types/rmfr": "npm:^2.0.1"
    "@types/string-similarity": "npm:^4.0.0"
    adm-zip: "npm:^0.5.9"
    dom-parser: "npm:^0.1.6"
    fast-xml-parser: "npm:4.1.2"
    html-entities: "npm:^2.3.2"
    ncp: "npm:^2.0.0"
    pdf-lib: "npm:^1.17.1"
    rimraf: "npm:^3.0.2"
    rmfr: "npm:^2.0.0"
    string-similarity: "npm:^4.0.4"
    ts-node: "npm:^10.5.0"
    typescript: "npm:^4.1.2"
    xlsx: "npm:^0.18.0"
  languageName: unknown
  linkType: soft

"indexed-filter@npm:^1.0.0":
  version: 1.0.3
  resolution: "indexed-filter@npm:1.0.3"
  dependencies:
    append-type: "npm:^1.0.1"
  checksum: 10c0/f1678cc9716e2fe52db671dfbb907530f4da8b093e64b8f9619ac3e48981eaa79c5e11e9b73e7935ccbd1d8afd8b204f55ba4b2ec6dd3b9c60ea8b0def9013d8
  languageName: node
  linkType: hard

"inflight@npm:^1.0.4":
  version: 1.0.6
  resolution: "inflight@npm:1.0.6"
  dependencies:
    once: "npm:^1.3.0"
    wrappy: "npm:1"
  checksum: 10c0/7faca22584600a9dc5b9fca2cd5feb7135ac8c935449837b315676b4c90aa4f391ec4f42240178244b5a34e8bede1948627fda392ca3191522fc46b34e985ab2
  languageName: node
  linkType: hard

"inherits@npm:2":
  version: 2.0.4
  resolution: "inherits@npm:2.0.4"
  checksum: 10c0/4e531f648b29039fb7426fb94075e6545faa1eb9fe83c29f0b6d9e7263aceb4289d2d4557db0d428188eeb449cc7c5e77b0a0b2c4e248ff2a65933a0dee49ef2
  languageName: node
  linkType: hard

"inspect-with-kind@npm:^1.0.4":
  version: 1.0.5
  resolution: "inspect-with-kind@npm:1.0.5"
  dependencies:
    kind-of: "npm:^6.0.2"
  checksum: 10c0/4a7ca641927d24b5f0fabbad48ed940cffa840d6cfa07b6bc475593f6e0679b4d30ec1714de289cb17b10214a36e6bdccc257262a1163e33741425e5d311e8d1
  languageName: node
  linkType: hard

"is-plain-obj@npm:^1.1.0":
  version: 1.1.0
  resolution: "is-plain-obj@npm:1.1.0"
  checksum: 10c0/daaee1805add26f781b413fdf192fc91d52409583be30ace35c82607d440da63cc4cac0ac55136716688d6c0a2c6ef3edb2254fecbd1fe06056d6bd15975ee8c
  languageName: node
  linkType: hard

"kind-of@npm:^6.0.2":
  version: 6.0.3
  resolution: "kind-of@npm:6.0.3"
  checksum: 10c0/61cdff9623dabf3568b6445e93e31376bee1cdb93f8ba7033d86022c2a9b1791a1d9510e026e6465ebd701a6dd2f7b0808483ad8838341ac52f003f512e0b4c4
  languageName: node
  linkType: hard

"make-error@npm:^1.1.1":
  version: 1.3.6
  resolution: "make-error@npm:1.3.6"
  checksum: 10c0/171e458d86854c6b3fc46610cfacf0b45149ba043782558c6875d9f42f222124384ad0b468c92e996d815a8a2003817a710c0a160e49c1c394626f76fa45396f
  languageName: node
  linkType: hard

"minimatch@npm:^3.1.1":
  version: 3.1.2
  resolution: "minimatch@npm:3.1.2"
  dependencies:
    brace-expansion: "npm:^1.1.7"
  checksum: 10c0/0262810a8fc2e72cca45d6fd86bd349eee435eb95ac6aa45c9ea2180e7ee875ef44c32b55b5973ceabe95ea12682f6e3725cbb63d7a2d1da3ae1163c8b210311
  languageName: node
  linkType: hard

"ncp@npm:^2.0.0":
  version: 2.0.0
  resolution: "ncp@npm:2.0.0"
  bin:
    ncp: ./bin/ncp
  checksum: 10c0/d515babf9d3205ab9252e7d640af7c3e1a880317016d41f2fce2e6b9c8f60eb8bb6afde30e8c4f8e1e3fa551465f094433c3f364b25a85d6a28ec52c1ad6e067
  languageName: node
  linkType: hard

"once@npm:^1.3.0":
  version: 1.4.0
  resolution: "once@npm:1.4.0"
  dependencies:
    wrappy: "npm:1"
  checksum: 10c0/5d48aca287dfefabd756621c5dfce5c91a549a93e9fdb7b8246bc4c4790aa2ec17b34a260530474635147aeb631a2dcc8b32c613df0675f96041cbb8244517d0
  languageName: node
  linkType: hard

"pako@npm:^1.0.10, pako@npm:^1.0.11, pako@npm:^1.0.6":
  version: 1.0.11
  resolution: "pako@npm:1.0.11"
  checksum: 10c0/86dd99d8b34c3930345b8bbeb5e1cd8a05f608eeb40967b293f72fe469d0e9c88b783a8777e4cc7dc7c91ce54c5e93d88ff4b4f060e6ff18408fd21030d9ffbe
  languageName: node
  linkType: hard

"path-is-absolute@npm:^1.0.0":
  version: 1.0.1
  resolution: "path-is-absolute@npm:1.0.1"
  checksum: 10c0/127da03c82172a2a50099cddbf02510c1791fc2cc5f7713ddb613a56838db1e8168b121a920079d052e0936c23005562059756d653b7c544c53185efe53be078
  languageName: node
  linkType: hard

"pdf-lib@npm:^1.17.1":
  version: 1.17.1
  resolution: "pdf-lib@npm:1.17.1"
  dependencies:
    "@pdf-lib/standard-fonts": "npm:^1.0.0"
    "@pdf-lib/upng": "npm:^1.0.1"
    pako: "npm:^1.0.11"
    tslib: "npm:^1.11.1"
  checksum: 10c0/a9489a402880dacd1389a3e14ff8f6139d58e3bc82f26b0fcbd0798b841aee6ccb7fcfab0992b574e57b40404ced0330a7170b3c6467363461a9df5d9daec489
  languageName: node
  linkType: hard

"rimraf@npm:^2.6.2":
  version: 2.7.1
  resolution: "rimraf@npm:2.7.1"
  dependencies:
    glob: "npm:^7.1.3"
  bin:
    rimraf: ./bin.js
  checksum: 10c0/4eef73d406c6940927479a3a9dee551e14a54faf54b31ef861250ac815172bade86cc6f7d64a4dc5e98b65e4b18a2e1c9ff3b68d296be0c748413f092bb0dd40
  languageName: node
  linkType: hard

"rimraf@npm:^3.0.2":
  version: 3.0.2
  resolution: "rimraf@npm:3.0.2"
  dependencies:
    glob: "npm:^7.1.3"
  bin:
    rimraf: bin.js
  checksum: 10c0/9cb7757acb489bd83757ba1a274ab545eafd75598a9d817e0c3f8b164238dd90eba50d6b848bd4dcc5f3040912e882dc7ba71653e35af660d77b25c381d402e8
  languageName: node
  linkType: hard

"rmfr@npm:^2.0.0":
  version: 2.0.0
  resolution: "rmfr@npm:2.0.0"
  dependencies:
    assert-valid-glob-opts: "npm:^1.0.0"
    glob: "npm:^7.1.2"
    graceful-fs: "npm:^4.1.11"
    inspect-with-kind: "npm:^1.0.4"
    rimraf: "npm:^2.6.2"
  checksum: 10c0/9b10e9eafb864a45cbcb7ee42e0b49e68ef8e8d229a8ca0e910ec5c85ebc83f88633e41d6db0a04b8410721c7511f3efb9ddddaf7a0b25397a6eb380aa188153
  languageName: node
  linkType: hard

"ssf@npm:~0.11.2":
  version: 0.11.2
  resolution: "ssf@npm:0.11.2"
  dependencies:
    frac: "npm:~1.1.2"
  checksum: 10c0/c3fd24a90dc37a9dc5c4154cb4121e27507c33ebfeee3532aaf03625756b2c006cf79c0a23db0ba16c4a6e88e1349455327867e03453fc9d54b32c546bc18ca6
  languageName: node
  linkType: hard

"string-similarity@npm:^4.0.4":
  version: 4.0.4
  resolution: "string-similarity@npm:4.0.4"
  checksum: 10c0/fce331b818efafa701f692ddc2e170bd3ceaf6e7ca56a445b36b139981effe0884d8edc794a65005e54304da55ba054edfcff16a339bd301c9b94983fbc62047
  languageName: node
  linkType: hard

"strnum@npm:^1.0.5":
  version: 1.0.5
  resolution: "strnum@npm:1.0.5"
  checksum: 10c0/64fb8cc2effbd585a6821faa73ad97d4b553c8927e49086a162ffd2cc818787643390b89d567460a8e74300148d11ac052e21c921ef2049f2987f4b1b89a7ff1
  languageName: node
  linkType: hard

"ts-node@npm:^10.5.0":
  version: 10.9.2
  resolution: "ts-node@npm:10.9.2"
  dependencies:
    "@cspotcode/source-map-support": "npm:^0.8.0"
    "@tsconfig/node10": "npm:^1.0.7"
    "@tsconfig/node12": "npm:^1.0.7"
    "@tsconfig/node14": "npm:^1.0.0"
    "@tsconfig/node16": "npm:^1.0.2"
    acorn: "npm:^8.4.1"
    acorn-walk: "npm:^8.1.1"
    arg: "npm:^4.1.0"
    create-require: "npm:^1.1.0"
    diff: "npm:^4.0.1"
    make-error: "npm:^1.1.1"
    v8-compile-cache-lib: "npm:^3.0.1"
    yn: "npm:3.1.1"
  peerDependencies:
    "@swc/core": ">=1.2.50"
    "@swc/wasm": ">=1.2.50"
    "@types/node": "*"
    typescript: ">=2.7"
  peerDependenciesMeta:
    "@swc/core":
      optional: true
    "@swc/wasm":
      optional: true
  bin:
    ts-node: dist/bin.js
    ts-node-cwd: dist/bin-cwd.js
    ts-node-esm: dist/bin-esm.js
    ts-node-script: dist/bin-script.js
    ts-node-transpile-only: dist/bin-transpile.js
    ts-script: dist/bin-script-deprecated.js
  checksum: 10c0/5f29938489f96982a25ba650b64218e83a3357d76f7bede80195c65ab44ad279c8357264639b7abdd5d7e75fc269a83daa0e9c62fd8637a3def67254ecc9ddc2
  languageName: node
  linkType: hard

"tslib@npm:^1.11.1":
  version: 1.14.1
  resolution: "tslib@npm:1.14.1"
  checksum: 10c0/69ae09c49eea644bc5ebe1bca4fa4cc2c82b7b3e02f43b84bd891504edf66dbc6b2ec0eef31a957042de2269139e4acff911e6d186a258fb14069cd7f6febce2
  languageName: node
  linkType: hard

"typescript@npm:^4.1.2":
  version: 4.9.5
  resolution: "typescript@npm:4.9.5"
  bin:
    tsc: bin/tsc
    tsserver: bin/tsserver
  checksum: 10c0/5f6cad2e728a8a063521328e612d7876e12f0d8a8390d3b3aaa452a6a65e24e9ac8ea22beb72a924fd96ea0a49ea63bb4e251fb922b12eedfb7f7a26475e5c56
  languageName: node
  linkType: hard

"typescript@patch:typescript@npm%3A^4.1.2#optional!builtin<compat/typescript>":
  version: 4.9.5
  resolution: "typescript@patch:typescript@npm%3A4.9.5#optional!builtin<compat/typescript>::version=4.9.5&hash=289587"
  bin:
    tsc: bin/tsc
    tsserver: bin/tsserver
  checksum: 10c0/e3333f887c6829dfe0ab6c1dbe0dd1e3e2aeb56c66460cb85c5440c566f900c833d370ca34eb47558c0c69e78ced4bfe09b8f4f98b6de7afed9b84b8d1dd06a1
  languageName: node
  linkType: hard

"undici-types@npm:~5.26.4":
  version: 5.26.5
  resolution: "undici-types@npm:5.26.5"
  checksum: 10c0/bb673d7876c2d411b6eb6c560e0c571eef4a01c1c19925175d16e3a30c4c428181fb8d7ae802a261f283e4166a0ac435e2f505743aa9e45d893f9a3df017b501
  languageName: node
  linkType: hard

"v8-compile-cache-lib@npm:^3.0.1":
  version: 3.0.1
  resolution: "v8-compile-cache-lib@npm:3.0.1"
  checksum: 10c0/bdc36fb8095d3b41df197f5fb6f11e3a26adf4059df3213e3baa93810d8f0cc76f9a74aaefc18b73e91fe7e19154ed6f134eda6fded2e0f1c8d2272ed2d2d391
  languageName: node
  linkType: hard

"validate-glob-opts@npm:^1.0.0":
  version: 1.0.2
  resolution: "validate-glob-opts@npm:1.0.2"
  dependencies:
    array-to-sentence: "npm:^1.1.0"
    indexed-filter: "npm:^1.0.0"
    inspect-with-kind: "npm:^1.0.4"
    is-plain-obj: "npm:^1.1.0"
  checksum: 10c0/472854e0ff9978750155d25876c96e4b78a1e02c81796103c4fae86d91a6dda630daa233ed63c1fe74de93cab384a45b18b8d84c4788b0b6024d2669bd027e91
  languageName: node
  linkType: hard

"wmf@npm:~1.0.1":
  version: 1.0.2
  resolution: "wmf@npm:1.0.2"
  checksum: 10c0/3fa5806f382632cadfe65d4ef24f7a583b0c0720171edb00e645af5248ad0bb6784e8fcee1ccd9f475a1a12a7523e2512e9c063731fbbdae14dc469e1c033d93
  languageName: node
  linkType: hard

"word@npm:~0.3.0":
  version: 0.3.0
  resolution: "word@npm:0.3.0"
  checksum: 10c0/c6da2a9f7a0d81a32fa6768a638d21b153da2be04f94f3964889c7cc1365d74b6ecb43b42256c3f926cd59512d8258206991c78c21000c3da96d42ff1238b840
  languageName: node
  linkType: hard

"wrappy@npm:1":
  version: 1.0.2
  resolution: "wrappy@npm:1.0.2"
  checksum: 10c0/56fece1a4018c6a6c8e28fbc88c87e0fbf4ea8fd64fc6c63b18f4acc4bd13e0ad2515189786dd2c30d3eec9663d70f4ecf699330002f8ccb547e4a18231fc9f0
  languageName: node
  linkType: hard

"xlsx@npm:^0.18.0":
  version: 0.18.5
  resolution: "xlsx@npm:0.18.5"
  dependencies:
    adler-32: "npm:~1.3.0"
    cfb: "npm:~1.2.1"
    codepage: "npm:~1.15.0"
    crc-32: "npm:~1.2.1"
    ssf: "npm:~0.11.2"
    wmf: "npm:~1.0.1"
    word: "npm:~0.3.0"
  bin:
    xlsx: bin/xlsx.njs
  checksum: 10c0/787cfa77034a3e86fdcde21572f1011c8976f87823a5e0ee5057f13b2f6e48f17a1710732a91b8ae15d7794945c7cba8a3ca904ea7150e028260b0ab8e1158c8
  languageName: node
  linkType: hard

"yn@npm:3.1.1":
  version: 3.1.1
  resolution: "yn@npm:3.1.1"
  checksum: 10c0/0732468dd7622ed8a274f640f191f3eaf1f39d5349a1b72836df484998d7d9807fbea094e2f5486d6b0cd2414aad5775972df0e68f8604db89a239f0f4bf7443
  languageName: node
  linkType: hard
